PODS:
  - DifferenceKit (1.1.2):
    - DifferenceKit/Core (= 1.1.2)
    - DifferenceKit/UIKitExtension (= 1.1.2)
  - DifferenceKit/Core (1.1.2)
  - DifferenceKit/UIKitExtension (1.1.2):
    - DifferenceKit/Core

DEPENDENCIES:
  - DifferenceKit

SPEC REPOS:
  https://github.com/cocoapods/specs.git:
    - DifferenceKit

SPEC CHECKSUMS:
  DifferenceKit: 3a1cff9ac9a9cdf2a3f205671067797e83c3f066

PODFILE CHECKSUM: 2420d46b18a569f06125aacfc6f758e9edcdee75

COCOAPODS: 1.7.1
