// !$*UTF8*$!
{
	archiveVersion = 1;
	classes = {
	};
	objectVersion = 51;
	objects = {

/* Begin PBXBuildFile section */
		0A09854F230B0AB800BA1881 /* UIAlertController+AddActions.swift in Sources */ = {isa = PBXBuildFile; fileRef = 0A09854E230B0AB800BA1881 /* UIAlertController+AddActions.swift */; };
		0A098550230B0AB800BA1881 /* UIAlertController+AddActions.swift in Sources */ = {isa = PBXBuildFile; fileRef = 0A09854E230B0AB800BA1881 /* UIAlertController+AddActions.swift */; };
		0A098552230B0D9D00BA1881 /* UIAlertAction+Defaults.swift in Sources */ = {isa = PBXBuildFile; fileRef = 0A098551230B0D9D00BA1881 /* UIAlertAction+Defaults.swift */; };
		0A098553230B0D9D00BA1881 /* UIAlertAction+Defaults.swift in Sources */ = {isa = PBXBuildFile; fileRef = 0A098551230B0D9D00BA1881 /* UIAlertAction+Defaults.swift */; };
		0A21BFB9226C134C004C54B9 /* UIView+IBInspectable.swift in Sources */ = {isa = PBXBuildFile; fileRef = 0A21BFB8226C134C004C54B9 /* UIView+IBInspectable.swift */; };
		0A21BFBE226C144D004C54B9 /* GoCellViewModel.swift in Sources */ = {isa = PBXBuildFile; fileRef = 0A21BFBD226C144D004C54B9 /* GoCellViewModel.swift */; };
		0A21BFC0226C1574004C54B9 /* GoCellViewModelFactory.swift in Sources */ = {isa = PBXBuildFile; fileRef = 0A21BFBF226C1574004C54B9 /* GoCellViewModelFactory.swift */; };
		0A634D0D22A8A4EA00FE10E0 /* UILabel+AnimateCallout.swift in Sources */ = {isa = PBXBuildFile; fileRef = 0A634D0C22A8A4EA00FE10E0 /* UILabel+AnimateCallout.swift */; };
		0A634D1222ADF5C600FE10E0 /* GoPoint.swift in Sources */ = {isa = PBXBuildFile; fileRef = 0A634D1122ADF5C600FE10E0 /* GoPoint.swift */; };
		0A64ADED22C3152300989A9D /* UIColor+Hex.swift in Sources */ = {isa = PBXBuildFile; fileRef = 0A64ADEC22C3152300989A9D /* UIColor+Hex.swift */; };
		0A64ADEF22C5BC7D00989A9D /* GoEndGameResult.swift in Sources */ = {isa = PBXBuildFile; fileRef = 0A64ADEE22C5BC7D00989A9D /* GoEndGameResult.swift */; };
		0A6E0E6A22B6C1490074E0CA /* GoSaver.swift in Sources */ = {isa = PBXBuildFile; fileRef = 0A6E0E6922B6C1490074E0CA /* GoSaver.swift */; };
		0A6E0E6C22B72A300074E0CA /* GoPointState.swift in Sources */ = {isa = PBXBuildFile; fileRef = 0A6E0E6B22B72A300074E0CA /* GoPointState.swift */; };
		0A70A5A822DD617400F8BD34 /* GoDelegate.swift in Sources */ = {isa = PBXBuildFile; fileRef = 0A70A5A722DD617400F8BD34 /* GoDelegate.swift */; };
		0A70A5AA22DD651800F8BD34 /* Typealiases.swift in Sources */ = {isa = PBXBuildFile; fileRef = 0A70A5A922DD651800F8BD34 /* Typealiases.swift */; };
		0A88430B22D4444E00E5FF7B /* Set+Contains.swift in Sources */ = {isa = PBXBuildFile; fileRef = 0A88430A22D4444E00E5FF7B /* Set+Contains.swift */; };
		0A88431122D57C7B00E5FF7B /* GoGroup.swift in Sources */ = {isa = PBXBuildFile; fileRef = 0A88431022D57C7B00E5FF7B /* GoGroup.swift */; };
		0A88431322D57C9F00E5FF7B /* GoSurroundedTerritory.swift in Sources */ = {isa = PBXBuildFile; fileRef = 0A88431222D57C9F00E5FF7B /* GoSurroundedTerritory.swift */; };
		0A88431522D57CAE00E5FF7B /* GoPlayingError.swift in Sources */ = {isa = PBXBuildFile; fileRef = 0A88431422D57CAE00E5FF7B /* GoPlayingError.swift */; };
		0AEEB2B222F670220007604F /* GoogleService-Info.plist in Resources */ = {isa = PBXBuildFile; fileRef = 0AEEB2B122F670220007604F /* GoogleService-Info.plist */; };
		0AF1FB2F22F66A0F00BB2564 /* GameBoardViewController.swift in Sources */ = {isa = PBXBuildFile; fileRef = 0AF46462225AE50B00DE34EA /* GameBoardViewController.swift */; };
		0AF1FB3022F66A0F00BB2564 /* UILabel+AnimateCallout.swift in Sources */ = {isa = PBXBuildFile; fileRef = 0A634D0C22A8A4EA00FE10E0 /* UILabel+AnimateCallout.swift */; };
		0AF1FB3122F66A0F00BB2564 /* Typealiases.swift in Sources */ = {isa = PBXBuildFile; fileRef = 0A70A5A922DD651800F8BD34 /* Typealiases.swift */; };
		0AF1FB3222F66A0F00BB2564 /* GoSurroundedTerritory.swift in Sources */ = {isa = PBXBuildFile; fileRef = 0A88431222D57C9F00E5FF7B /* GoSurroundedTerritory.swift */; };
		0AF1FB3322F66A0F00BB2564 /* Styles.swift in Sources */ = {isa = PBXBuildFile; fileRef = 0AF4648D226B922400DE34EA /* Styles.swift */; };
		0AF1FB3422F66A0F00BB2564 /* GoEndGameResult.swift in Sources */ = {isa = PBXBuildFile; fileRef = 0A64ADEE22C5BC7D00989A9D /* GoEndGameResult.swift */; };
		0AF1FB3522F66A0F00BB2564 /* UIColor+Hex.swift in Sources */ = {isa = PBXBuildFile; fileRef = 0A64ADEC22C3152300989A9D /* UIColor+Hex.swift */; };
		0AF1FB3622F66A0F00BB2564 /* GoPointState.swift in Sources */ = {isa = PBXBuildFile; fileRef = 0A6E0E6B22B72A300074E0CA /* GoPointState.swift */; };
		0AF1FB3722F66A0F00BB2564 /* GoCellViewModel.swift in Sources */ = {isa = PBXBuildFile; fileRef = 0A21BFBD226C144D004C54B9 /* GoCellViewModel.swift */; };
		0AF1FB3822F66A0F00BB2564 /* GoGroup.swift in Sources */ = {isa = PBXBuildFile; fileRef = 0A88431022D57C7B00E5FF7B /* GoGroup.swift */; };
		0AF1FB3922F66A0F00BB2564 /* Set+Contains.swift in Sources */ = {isa = PBXBuildFile; fileRef = 0A88430A22D4444E00E5FF7B /* Set+Contains.swift */; };
		0AF1FB3A22F66A0F00BB2564 /* GoPoint.swift in Sources */ = {isa = PBXBuildFile; fileRef = 0A634D1122ADF5C600FE10E0 /* GoPoint.swift */; };
		0AF1FB3C22F66A0F00BB2564 /* GoDelegate.swift in Sources */ = {isa = PBXBuildFile; fileRef = 0A70A5A722DD617400F8BD34 /* GoDelegate.swift */; };
		0AF1FB3D22F66A0F00BB2564 /* Go.swift in Sources */ = {isa = PBXBuildFile; fileRef = 0AF46480225AF04900DE34EA /* Go.swift */; };
		0AF1FB3E22F66A0F00BB2564 /* GoPlayer.swift in Sources */ = {isa = PBXBuildFile; fileRef = 0AF4648F226C01E200DE34EA /* GoPlayer.swift */; };
		0AF1FB3F22F66A0F00BB2564 /* AppDelegate.swift in Sources */ = {isa = PBXBuildFile; fileRef = 0AF46460225AE50B00DE34EA /* AppDelegate.swift */; };
		0AF1FB4022F66A0F00BB2564 /* Fonts.swift in Sources */ = {isa = PBXBuildFile; fileRef = 0AF46493226C05A600DE34EA /* Fonts.swift */; };
		0AF1FB4122F66A0F00BB2564 /* UICollectionView+Generic.swift in Sources */ = {isa = PBXBuildFile; fileRef = 0AF4648B226B8FB900DE34EA /* UICollectionView+Generic.swift */; };
		0AF1FB4222F66A0F00BB2564 /* GoCellViewModelFactory.swift in Sources */ = {isa = PBXBuildFile; fileRef = 0A21BFBF226C1574004C54B9 /* GoCellViewModelFactory.swift */; };
		0AF1FB4322F66A0F00BB2564 /* GoPlayingError.swift in Sources */ = {isa = PBXBuildFile; fileRef = 0A88431422D57CAE00E5FF7B /* GoPlayingError.swift */; };
		0AF1FB4422F66A0F00BB2564 /* UIView+IBInspectable.swift in Sources */ = {isa = PBXBuildFile; fileRef = 0A21BFB8226C134C004C54B9 /* UIView+IBInspectable.swift */; };
		0AF1FB4522F66A0F00BB2564 /* StoryboardIdentifiable.swift in Sources */ = {isa = PBXBuildFile; fileRef = 0AF46489226B8F9B00DE34EA /* StoryboardIdentifiable.swift */; };
		0AF1FB4622F66A0F00BB2564 /* GoBoard.swift in Sources */ = {isa = PBXBuildFile; fileRef = 0AF46491226C01F800DE34EA /* GoBoard.swift */; };
		0AF1FB4722F66A0F00BB2564 /* GoSaver.swift in Sources */ = {isa = PBXBuildFile; fileRef = 0A6E0E6922B6C1490074E0CA /* GoSaver.swift */; };
		0AF1FB4B22F66A0F00BB2564 /* LaunchScreen.storyboard in Resources */ = {isa = PBXBuildFile; fileRef = 0AF46469225AE50F00DE34EA /* LaunchScreen.storyboard */; };
		0AF1FB4C22F66A0F00BB2564 /* GoCell.xib in Resources */ = {isa = PBXBuildFile; fileRef = 0AF46485226A79B900DE34EA /* GoCell.xib */; };
		0AF1FB4E22F66A0F00BB2564 /* Assets.xcassets in Resources */ = {isa = PBXBuildFile; fileRef = 0AF46467225AE50F00DE34EA /* Assets.xcassets */; };
		0AF1FB4F22F66A0F00BB2564 /* Main.storyboard in Resources */ = {isa = PBXBuildFile; fileRef = 0AF46464225AE50B00DE34EA /* Main.storyboard */; };
		0AF46461225AE50B00DE34EA /* AppDelegate.swift in Sources */ = {isa = PBXBuildFile; fileRef = 0AF46460225AE50B00DE34EA /* AppDelegate.swift */; };
		0AF46463225AE50B00DE34EA /* GameBoardViewController.swift in Sources */ = {isa = PBXBuildFile; fileRef = 0AF46462225AE50B00DE34EA /* GameBoardViewController.swift */; };
		0AF46466225AE50B00DE34EA /* Main.storyboard in Resources */ = {isa = PBXBuildFile; fileRef = 0AF46464225AE50B00DE34EA /* Main.storyboard */; };
		0AF46468225AE50F00DE34EA /* Assets.xcassets in Resources */ = {isa = PBXBuildFile; fileRef = 0AF46467225AE50F00DE34EA /* Assets.xcassets */; };
		0AF4646B225AE50F00DE34EA /* LaunchScreen.storyboard in Resources */ = {isa = PBXBuildFile; fileRef = 0AF46469225AE50F00DE34EA /* LaunchScreen.storyboard */; };
		0AF46476225AE50F00DE34EA /* GoTests.swift in Sources */ = {isa = PBXBuildFile; fileRef = 0AF46475225AE50F00DE34EA /* GoTests.swift */; };
		0AF46481225AF04900DE34EA /* Go.swift in Sources */ = {isa = PBXBuildFile; fileRef = 0AF46480225AF04900DE34EA /* Go.swift */; };
		0AF46486226A79B900DE34EA /* GoCell.xib in Resources */ = {isa = PBXBuildFile; fileRef = 0AF46485226A79B900DE34EA /* GoCell.xib */; };
		0AF4648A226B8F9B00DE34EA /* StoryboardIdentifiable.swift in Sources */ = {isa = PBXBuildFile; fileRef = 0AF46489226B8F9B00DE34EA /* StoryboardIdentifiable.swift */; };
		0AF4648C226B8FB900DE34EA /* UICollectionView+Generic.swift in Sources */ = {isa = PBXBuildFile; fileRef = 0AF4648B226B8FB900DE34EA /* UICollectionView+Generic.swift */; };
		0AF4648E226B922400DE34EA /* Styles.swift in Sources */ = {isa = PBXBuildFile; fileRef = 0AF4648D226B922400DE34EA /* Styles.swift */; };
		0AF46490226C01E200DE34EA /* GoPlayer.swift in Sources */ = {isa = PBXBuildFile; fileRef = 0AF4648F226C01E200DE34EA /* GoPlayer.swift */; };
		0AF46492226C01F800DE34EA /* GoBoard.swift in Sources */ = {isa = PBXBuildFile; fileRef = 0AF46491226C01F800DE34EA /* GoBoard.swift */; };
		0AF46494226C05A600DE34EA /* Fonts.swift in Sources */ = {isa = PBXBuildFile; fileRef = 0AF46493226C05A600DE34EA /* Fonts.swift */; };
		523FBF4425E49FCB00D4EC83 /* README.md in Resources */ = {isa = PBXBuildFile; fileRef = 523FBF4325E49FCB00D4EC83 /* README.md */; };
		523FBF4525E49FCB00D4EC83 /* README.md in Resources */ = {isa = PBXBuildFile; fileRef = 523FBF4325E49FCB00D4EC83 /* README.md */; };
		523FBF9025E4A20B00D4EC83 /* GoCell.swift in Sources */ = {isa = PBXBuildFile; fileRef = 523FBF8F25E4A20B00D4EC83 /* GoCell.swift */; };
		523FBF9125E4A20C00D4EC83 /* GoCell.swift in Sources */ = {isa = PBXBuildFile; fileRef = 523FBF8F25E4A20B00D4EC83 /* GoCell.swift */; };
		52D73D0625E815190009E7F2 /* GoogleService-Info.plist in Resources */ = {isa = PBXBuildFile; fileRef = 0AEEB2B122F670220007604F /* GoogleService-Info.plist */; };
		5E0E6B7FA13513148A248471 /* (null) in Frameworks */ = {isa = PBXBuildFile; };
		64B42E79C55BF83C8DF0D009 /* Pods_Go_QA.framework in Frameworks */ = {isa = PBXBuildFile; fileRef = C515C2FDC10C2FAF62FBCA96 /* Pods_Go_QA.framework */; };
		9CACA21B81D68966D49125AF /* Pods_GoTests.framework in Frameworks */ = {isa = PBXBuildFile; fileRef = 4804208AE748C05926085DA1 /* Pods_GoTests.framework */; };
		B6007642FF9D337DAC6255A5 /* Pods_Go.framework in Frameworks */ = {isa = PBXBuildFile; fileRef = 7373EF7434F1D0EBC81CC605 /* Pods_Go.framework */; };
/* End PBXBuildFile section */

/* Begin PBXContainerItemProxy section */
		0AF46472225AE50F00DE34EA /* PBXContainerItemProxy */ = {
			isa = PBXContainerItemProxy;
			containerPortal = 0AF46455225AE50B00DE34EA /* Project object */;
			proxyType = 1;
			remoteGlobalIDString = 0AF4645C225AE50B00DE34EA;
			remoteInfo = Go;
		};
		52BF4F9E24915D8600830217 /* PBXContainerItemProxy */ = {
			isa = PBXContainerItemProxy;
			containerPortal = 0AF46455225AE50B00DE34EA /* Project object */;
			proxyType = 1;
			remoteGlobalIDString = 0AF1FB2C22F66A0F00BB2564;
			remoteInfo = "Go QA";
		};
/* End PBXContainerItemProxy section */

/* Begin PBXFileReference section */
		0A09854E230B0AB800BA1881 /* UIAlertController+AddActions.swift */ = {isa = PBXFileReference; lastKnownFileType = sourcecode.swift; path = "UIAlertController+AddActions.swift"; sourceTree = "<group>"; };
		0A098551230B0D9D00BA1881 /* UIAlertAction+Defaults.swift */ = {isa = PBXFileReference; lastKnownFileType = sourcecode.swift; path = "UIAlertAction+Defaults.swift"; sourceTree = "<group>"; };
		0A21BFB8226C134C004C54B9 /* UIView+IBInspectable.swift */ = {isa = PBXFileReference; lastKnownFileType = sourcecode.swift; path = "UIView+IBInspectable.swift"; sourceTree = "<group>"; };
		0A21BFBD226C144D004C54B9 /* GoCellViewModel.swift */ = {isa = PBXFileReference; lastKnownFileType = sourcecode.swift; path = GoCellViewModel.swift; sourceTree = "<group>"; };
		0A21BFBF226C1574004C54B9 /* GoCellViewModelFactory.swift */ = {isa = PBXFileReference; lastKnownFileType = sourcecode.swift; path = GoCellViewModelFactory.swift; sourceTree = "<group>"; };
		0A634D0C22A8A4EA00FE10E0 /* UILabel+AnimateCallout.swift */ = {isa = PBXFileReference; lastKnownFileType = sourcecode.swift; path = "UILabel+AnimateCallout.swift"; sourceTree = "<group>"; };
		0A634D1122ADF5C600FE10E0 /* GoPoint.swift */ = {isa = PBXFileReference; lastKnownFileType = sourcecode.swift; path = GoPoint.swift; sourceTree = "<group>"; };
		0A64ADEC22C3152300989A9D /* UIColor+Hex.swift */ = {isa = PBXFileReference; lastKnownFileType = sourcecode.swift; path = "UIColor+Hex.swift"; sourceTree = "<group>"; };
		0A64ADEE22C5BC7D00989A9D /* GoEndGameResult.swift */ = {isa = PBXFileReference; lastKnownFileType = sourcecode.swift; path = GoEndGameResult.swift; sourceTree = "<group>"; };
		0A6E0E6922B6C1490074E0CA /* GoSaver.swift */ = {isa = PBXFileReference; lastKnownFileType = sourcecode.swift; path = GoSaver.swift; sourceTree = "<group>"; };
		0A6E0E6B22B72A300074E0CA /* GoPointState.swift */ = {isa = PBXFileReference; lastKnownFileType = sourcecode.swift; path = GoPointState.swift; sourceTree = "<group>"; };
		0A70A5A722DD617400F8BD34 /* GoDelegate.swift */ = {isa = PBXFileReference; lastKnownFileType = sourcecode.swift; path = GoDelegate.swift; sourceTree = "<group>"; };
		0A70A5A922DD651800F8BD34 /* Typealiases.swift */ = {isa = PBXFileReference; lastKnownFileType = sourcecode.swift; path = Typealiases.swift; sourceTree = "<group>"; };
		0A88430A22D4444E00E5FF7B /* Set+Contains.swift */ = {isa = PBXFileReference; lastKnownFileType = sourcecode.swift; path = "Set+Contains.swift"; sourceTree = "<group>"; };
		0A88431022D57C7B00E5FF7B /* GoGroup.swift */ = {isa = PBXFileReference; lastKnownFileType = sourcecode.swift; path = GoGroup.swift; sourceTree = "<group>"; };
		0A88431222D57C9F00E5FF7B /* GoSurroundedTerritory.swift */ = {isa = PBXFileReference; lastKnownFileType = sourcecode.swift; path = GoSurroundedTerritory.swift; sourceTree = "<group>"; };
		0A88431422D57CAE00E5FF7B /* GoPlayingError.swift */ = {isa = PBXFileReference; lastKnownFileType = sourcecode.swift; path = GoPlayingError.swift; sourceTree = "<group>"; };
		0AEEB2B122F670220007604F /* GoogleService-Info.plist */ = {isa = PBXFileReference; fileEncoding = 4; lastKnownFileType = text.plist.xml; path = "GoogleService-Info.plist"; sourceTree = "<group>"; };
		0AF1FB5622F66A0F00BB2564 /* Go QA.app */ = {isa = PBXFileReference; explicitFileType = wrapper.application; includeInIndex = 0; path = "Go QA.app"; sourceTree = BUILT_PRODUCTS_DIR; };
		0AF4645D225AE50B00DE34EA /* Go.app */ = {isa = PBXFileReference; explicitFileType = wrapper.application; includeInIndex = 0; path = Go.app; sourceTree = BUILT_PRODUCTS_DIR; };
		0AF46460225AE50B00DE34EA /* AppDelegate.swift */ = {isa = PBXFileReference; lastKnownFileType = sourcecode.swift; path = AppDelegate.swift; sourceTree = "<group>"; };
		0AF46462225AE50B00DE34EA /* GameBoardViewController.swift */ = {isa = PBXFileReference; lastKnownFileType = sourcecode.swift; path = GameBoardViewController.swift; sourceTree = "<group>"; };
		0AF46465225AE50B00DE34EA /* Base */ = {isa = PBXFileReference; lastKnownFileType = file.storyboard; name = Base; path = Base.lproj/Main.storyboard; sourceTree = "<group>"; };
		0AF46467225AE50F00DE34EA /* Assets.xcassets */ = {isa = PBXFileReference; lastKnownFileType = folder.assetcatalog; path = Assets.xcassets; sourceTree = "<group>"; };
		0AF4646A225AE50F00DE34EA /* Base */ = {isa = PBXFileReference; lastKnownFileType = file.storyboard; name = Base; path = Base.lproj/LaunchScreen.storyboard; sourceTree = "<group>"; };
		0AF4646C225AE50F00DE34EA /* Info.plist */ = {isa = PBXFileReference; lastKnownFileType = text.plist.xml; path = Info.plist; sourceTree = "<group>"; };
		0AF46471225AE50F00DE34EA /* GoTests.xctest */ = {isa = PBXFileReference; explicitFileType = wrapper.cfbundle; includeInIndex = 0; path = GoTests.xctest; sourceTree = BUILT_PRODUCTS_DIR; };
		0AF46475225AE50F00DE34EA /* GoTests.swift */ = {isa = PBXFileReference; lastKnownFileType = sourcecode.swift; path = GoTests.swift; sourceTree = "<group>"; };
		0AF46477225AE50F00DE34EA /* Info.plist */ = {isa = PBXFileReference; lastKnownFileType = text.plist.xml; path = Info.plist; sourceTree = "<group>"; };
		0AF46480225AF04900DE34EA /* Go.swift */ = {isa = PBXFileReference; lastKnownFileType = sourcecode.swift; path = Go.swift; sourceTree = "<group>"; };
		0AF46485226A79B900DE34EA /* GoCell.xib */ = {isa = PBXFileReference; lastKnownFileType = file.xib; path = GoCell.xib; sourceTree = "<group>"; };
		0AF46489226B8F9B00DE34EA /* StoryboardIdentifiable.swift */ = {isa = PBXFileReference; lastKnownFileType = sourcecode.swift; path = StoryboardIdentifiable.swift; sourceTree = "<group>"; };
		0AF4648B226B8FB900DE34EA /* UICollectionView+Generic.swift */ = {isa = PBXFileReference; lastKnownFileType = sourcecode.swift; path = "UICollectionView+Generic.swift"; sourceTree = "<group>"; };
		0AF4648D226B922400DE34EA /* Styles.swift */ = {isa = PBXFileReference; lastKnownFileType = sourcecode.swift; path = Styles.swift; sourceTree = "<group>"; };
		0AF4648F226C01E200DE34EA /* GoPlayer.swift */ = {isa = PBXFileReference; lastKnownFileType = sourcecode.swift; path = GoPlayer.swift; sourceTree = "<group>"; };
		0AF46491226C01F800DE34EA /* GoBoard.swift */ = {isa = PBXFileReference; lastKnownFileType = sourcecode.swift; path = GoBoard.swift; sourceTree = "<group>"; };
		0AF46493226C05A600DE34EA /* Fonts.swift */ = {isa = PBXFileReference; lastKnownFileType = sourcecode.swift; path = Fonts.swift; sourceTree = "<group>"; };
		4450D5E8595090DCDE49BACF /* Pods-Go QA.debug.xcconfig */ = {isa = PBXFileReference; includeInIndex = 1; lastKnownFileType = text.xcconfig; name = "Pods-Go QA.debug.xcconfig"; path = "Target Support Files/Pods-Go QA/Pods-Go QA.debug.xcconfig"; sourceTree = "<group>"; };
		4804208AE748C05926085DA1 /* Pods_GoTests.framework */ = {isa = PBXFileReference; explicitFileType = wrapper.framework; includeInIndex = 0; path = Pods_GoTests.framework; sourceTree = BUILT_PRODUCTS_DIR; };
		523FBF4325E49FCB00D4EC83 /* README.md */ = {isa = PBXFileReference; fileEncoding = 4; lastKnownFileType = net.daringfireball.markdown; path = README.md; sourceTree = "<group>"; };
		523FBF7725E4A17500D4EC83 /* Go QA.plist */ = {isa = PBXFileReference; fileEncoding = 4; lastKnownFileType = text.plist.xml; path = "Go QA.plist"; sourceTree = "<group>"; };
		523FBF8F25E4A20B00D4EC83 /* GoCell.swift */ = {isa = PBXFileReference; fileEncoding = 4; lastKnownFileType = sourcecode.swift; path = GoCell.swift; sourceTree = "<group>"; };
		6ECD90480DC9A92BF6D39F44 /* Pods-GoTests.debug.xcconfig */ = {isa = PBXFileReference; includeInIndex = 1; lastKnownFileType = text.xcconfig; name = "Pods-GoTests.debug.xcconfig"; path = "Target Support Files/Pods-GoTests/Pods-GoTests.debug.xcconfig"; sourceTree = "<group>"; };
		7373EF7434F1D0EBC81CC605 /* Pods_Go.framework */ = {isa = PBXFileReference; explicitFileType = wrapper.framework; includeInIndex = 0; path = Pods_Go.framework; sourceTree = BUILT_PRODUCTS_DIR; };
		B8E9FDBB2F21AC8D94FC7F82 /* Pods-Go QA.release.xcconfig */ = {isa = PBXFileReference; includeInIndex = 1; lastKnownFileType = text.xcconfig; name = "Pods-Go QA.release.xcconfig"; path = "Target Support Files/Pods-Go QA/Pods-Go QA.release.xcconfig"; sourceTree = "<group>"; };
		BEB4F4D149F44093FA1AB870 /* Pods-Go.release.xcconfig */ = {isa = PBXFileReference; includeInIndex = 1; lastKnownFileType = text.xcconfig; name = "Pods-Go.release.xcconfig"; path = "Target Support Files/Pods-Go/Pods-Go.release.xcconfig"; sourceTree = "<group>"; };
		C515C2FDC10C2FAF62FBCA96 /* Pods_Go_QA.framework */ = {isa = PBXFileReference; explicitFileType = wrapper.framework; includeInIndex = 0; path = Pods_Go_QA.framework; sourceTree = BUILT_PRODUCTS_DIR; };
		CB7E18E2AF8A0A48EBD62B91 /* Pods-GoTests.release.xcconfig */ = {isa = PBXFileReference; includeInIndex = 1; lastKnownFileType = text.xcconfig; name = "Pods-GoTests.release.xcconfig"; path = "Target Support Files/Pods-GoTests/Pods-GoTests.release.xcconfig"; sourceTree = "<group>"; };
		E0532517DA81D613E31D698E /* Pods-Go.debug.xcconfig */ = {isa = PBXFileReference; includeInIndex = 1; lastKnownFileType = text.xcconfig; name = "Pods-Go.debug.xcconfig"; path = "Target Support Files/Pods-Go/Pods-Go.debug.xcconfig"; sourceTree = "<group>"; };
/* End PBXFileReference section */

/* Begin PBXFrameworksBuildPhase section */
		0AF1FB4822F66A0F00BB2564 /* Frameworks */ = {
			isa = PBXFrameworksBuildPhase;
			buildActionMask = 2147483647;
			files = (
				64B42E79C55BF83C8DF0D009 /* Pods_Go_QA.framework in Frameworks */,
			);
			runOnlyForDeploymentPostprocessing = 0;
		};
		0AF4645A225AE50B00DE34EA /* Frameworks */ = {
			isa = PBXFrameworksBuildPhase;
			buildActionMask = 2147483647;
			files = (
				5E0E6B7FA13513148A248471 /* (null) in Frameworks */,
				B6007642FF9D337DAC6255A5 /* Pods_Go.framework in Frameworks */,
			);
			runOnlyForDeploymentPostprocessing = 0;
		};
		0AF4646E225AE50F00DE34EA /* Frameworks */ = {
			isa = PBXFrameworksBuildPhase;
			buildActionMask = 2147483647;
			files = (
				9CACA21B81D68966D49125AF /* Pods_GoTests.framework in Frameworks */,
			);
			runOnlyForDeploymentPostprocessing = 0;
		};
/* End PBXFrameworksBuildPhase section */

/* Begin PBXGroup section */
		0A21BFBA226C13CC004C54B9 /* Cells */ = {
			isa = PBXGroup;
			children = (
				523FBF8F25E4A20B00D4EC83 /* GoCell.swift */,
				0AF46485226A79B900DE34EA /* GoCell.xib */,
				0A21BFBD226C144D004C54B9 /* GoCellViewModel.swift */,
				0A21BFBF226C1574004C54B9 /* GoCellViewModelFactory.swift */,
			);
			path = Cells;
			sourceTree = "<group>";
		};
		0A21BFBB226C13D8004C54B9 /* Extensions */ = {
			isa = PBXGroup;
			children = (
				0A88430A22D4444E00E5FF7B /* Set+Contains.swift */,
				0A098551230B0D9D00BA1881 /* UIAlertAction+Defaults.swift */,
				0A09854E230B0AB800BA1881 /* UIAlertController+AddActions.swift */,
				0AF4648B226B8FB900DE34EA /* UICollectionView+Generic.swift */,
				0A634D0C22A8A4EA00FE10E0 /* UILabel+AnimateCallout.swift */,
				0A21BFB8226C134C004C54B9 /* UIView+IBInspectable.swift */,
			);
			path = Extensions;
			sourceTree = "<group>";
		};
		0A21BFBC226C13F0004C54B9 /* Protocols */ = {
			isa = PBXGroup;
			children = (
				0AF46489226B8F9B00DE34EA /* StoryboardIdentifiable.swift */,
			);
			path = Protocols;
			sourceTree = "<group>";
		};
		0A6E0E6822B6BFE10074E0CA /* Utility */ = {
			isa = PBXGroup;
			children = (
				0A6E0E6922B6C1490074E0CA /* GoSaver.swift */,
				0A70A5A922DD651800F8BD34 /* Typealiases.swift */,
			);
			path = Utility;
			sourceTree = "<group>";
		};
		0AF46454225AE50B00DE34EA = {
			isa = PBXGroup;
			children = (
				523FBF4325E49FCB00D4EC83 /* README.md */,
				0AF4645F225AE50B00DE34EA /* Classes */,
				0AF46474225AE50F00DE34EA /* GoTests */,
				0AF4645E225AE50B00DE34EA /* Products */,
				B46C914B39ACB94E935B354A /* Pods */,
				873886C4A6EEB41676291603 /* Frameworks */,
			);
			sourceTree = "<group>";
		};
		0AF4645E225AE50B00DE34EA /* Products */ = {
			isa = PBXGroup;
			children = (
				0AF4645D225AE50B00DE34EA /* Go.app */,
				0AF46471225AE50F00DE34EA /* GoTests.xctest */,
				0AF1FB5622F66A0F00BB2564 /* Go QA.app */,
			);
			name = Products;
			sourceTree = "<group>";
		};
		0AF4645F225AE50B00DE34EA /* Classes */ = {
			isa = PBXGroup;
			children = (
				0A21BFBA226C13CC004C54B9 /* Cells */,
				0AF46482225AF72F00DE34EA /* Controllers */,
				0A21BFBB226C13D8004C54B9 /* Extensions */,
				0AF46483225AF73500DE34EA /* Go */,
				0A21BFBC226C13F0004C54B9 /* Protocols */,
				0AF99360226C097D006DC49C /* Styling */,
				0AF46484225AF73D00DE34EA /* Supporting Files */,
				0A6E0E6822B6BFE10074E0CA /* Utility */,
			);
			path = Classes;
			sourceTree = "<group>";
		};
		0AF46474225AE50F00DE34EA /* GoTests */ = {
			isa = PBXGroup;
			children = (
				0AF46475225AE50F00DE34EA /* GoTests.swift */,
				0AF46477225AE50F00DE34EA /* Info.plist */,
			);
			path = GoTests;
			sourceTree = "<group>";
		};
		0AF46482225AF72F00DE34EA /* Controllers */ = {
			isa = PBXGroup;
			children = (
				0AF46462225AE50B00DE34EA /* GameBoardViewController.swift */,
			);
			path = Controllers;
			sourceTree = "<group>";
		};
		0AF46483225AF73500DE34EA /* Go */ = {
			isa = PBXGroup;
			children = (
				0AF46480225AF04900DE34EA /* Go.swift */,
				0AF46491226C01F800DE34EA /* GoBoard.swift */,
				0A70A5A722DD617400F8BD34 /* GoDelegate.swift */,
				0A64ADEE22C5BC7D00989A9D /* GoEndGameResult.swift */,
				0A88431022D57C7B00E5FF7B /* GoGroup.swift */,
				0AF4648F226C01E200DE34EA /* GoPlayer.swift */,
				0A88431422D57CAE00E5FF7B /* GoPlayingError.swift */,
				0A634D1122ADF5C600FE10E0 /* GoPoint.swift */,
				0A6E0E6B22B72A300074E0CA /* GoPointState.swift */,
				0A88431222D57C9F00E5FF7B /* GoSurroundedTerritory.swift */,
			);
			path = Go;
			sourceTree = "<group>";
		};
		0AF46484225AF73D00DE34EA /* Supporting Files */ = {
			isa = PBXGroup;
			children = (
				0AF46460225AE50B00DE34EA /* AppDelegate.swift */,
				0AF46467225AE50F00DE34EA /* Assets.xcassets */,
				523FBF7725E4A17500D4EC83 /* Go QA.plist */,
				0AEEB2B122F670220007604F /* GoogleService-Info.plist */,
				0AF4646C225AE50F00DE34EA /* Info.plist */,
				0AF46469225AE50F00DE34EA /* LaunchScreen.storyboard */,
				0AF46464225AE50B00DE34EA /* Main.storyboard */,
			);
			path = "Supporting Files";
			sourceTree = "<group>";
		};
		0AF99360226C097D006DC49C /* Styling */ = {
			isa = PBXGroup;
			children = (
				0AF46493226C05A600DE34EA /* Fonts.swift */,
				0AF4648D226B922400DE34EA /* Styles.swift */,
				0A64ADEC22C3152300989A9D /* UIColor+Hex.swift */,
			);
			path = Styling;
			sourceTree = "<group>";
		};
		873886C4A6EEB41676291603 /* Frameworks */ = {
			isa = PBXGroup;
			children = (
				4804208AE748C05926085DA1 /* Pods_GoTests.framework */,
				C515C2FDC10C2FAF62FBCA96 /* Pods_Go_QA.framework */,
				7373EF7434F1D0EBC81CC605 /* Pods_Go.framework */,
			);
			name = Frameworks;
			sourceTree = "<group>";
		};
		B46C914B39ACB94E935B354A /* Pods */ = {
			isa = PBXGroup;
			children = (
				E0532517DA81D613E31D698E /* Pods-Go.debug.xcconfig */,
				BEB4F4D149F44093FA1AB870 /* Pods-Go.release.xcconfig */,
				6ECD90480DC9A92BF6D39F44 /* Pods-GoTests.debug.xcconfig */,
				CB7E18E2AF8A0A48EBD62B91 /* Pods-GoTests.release.xcconfig */,
				4450D5E8595090DCDE49BACF /* Pods-Go QA.debug.xcconfig */,
				B8E9FDBB2F21AC8D94FC7F82 /* Pods-Go QA.release.xcconfig */,
			);
			path = Pods;
			sourceTree = "<group>";
		};
/* End PBXGroup section */

/* Begin PBXNativeTarget section */
		0AF1FB2C22F66A0F00BB2564 /* Go QA */ = {
			isa = PBXNativeTarget;
			buildConfigurationList = 0AF1FB5322F66A0F00BB2564 /* Build configuration list for PBXNativeTarget "Go QA" */;
			buildPhases = (
				0AF1FB2D22F66A0F00BB2564 /* [CP] Check Pods Manifest.lock */,
				0AF1FB2E22F66A0F00BB2564 /* Sources */,
				0AF1FB4822F66A0F00BB2564 /* Frameworks */,
				0AF1FB4A22F66A0F00BB2564 /* Resources */,
				0AF1FB5122F66A0F00BB2564 /* ShellScript */,
			);
			buildRules = (
			);
			dependencies = (
			);
			name = "Go QA";
			productName = Go;
			productReference = 0AF1FB5622F66A0F00BB2564 /* Go QA.app */;
			productType = "com.apple.product-type.application";
		};
		0AF4645C225AE50B00DE34EA /* Go */ = {
			isa = PBXNativeTarget;
			buildConfigurationList = 0AF4647A225AE50F00DE34EA /* Build configuration list for PBXNativeTarget "Go" */;
			buildPhases = (
				19565C5DBCB1B68491C3E2A1 /* [CP] Check Pods Manifest.lock */,
				0AF46459225AE50B00DE34EA /* Sources */,
				0AF4645A225AE50B00DE34EA /* Frameworks */,
				0AF4645B225AE50B00DE34EA /* Resources */,
				1CE48CC20724092F2ABE0E87 /* [CP] Embed Pods Frameworks */,
				0A634D1022ADF1F100FE10E0 /* ShellScript */,
				0ADE1D8422D29537004EF76C /* ShellScript */,
			);
			buildRules = (
			);
			dependencies = (
			);
			name = Go;
			productName = Go;
			productReference = 0AF4645D225AE50B00DE34EA /* Go.app */;
			productType = "com.apple.product-type.application";
		};
		0AF46470225AE50F00DE34EA /* GoTests */ = {
			isa = PBXNativeTarget;
			buildConfigurationList = 0AF4647D225AE50F00DE34EA /* Build configuration list for PBXNativeTarget "GoTests" */;
			buildPhases = (
				F2E4023CA06080AB00E8EC5F /* [CP] Check Pods Manifest.lock */,
				0AF4646D225AE50F00DE34EA /* Sources */,
				0AF4646E225AE50F00DE34EA /* Frameworks */,
				0AF4646F225AE50F00DE34EA /* Resources */,
			);
			buildRules = (
			);
			dependencies = (
				0AF46473225AE50F00DE34EA /* PBXTargetDependency */,
				52BF4F9F24915D8600830217 /* PBXTargetDependency */,
			);
			name = GoTests;
			productName = GoTests;
			productReference = 0AF46471225AE50F00DE34EA /* GoTests.xctest */;
			productType = "com.apple.product-type.bundle.unit-test";
		};
/* End PBXNativeTarget section */

/* Begin PBXProject section */
		0AF46455225AE50B00DE34EA /* Project object */ = {
			isa = PBXProject;
			attributes = {
				LastSwiftUpdateCheck = 1010;
				LastUpgradeCheck = 1240;
				ORGANIZATIONNAME = "Kevin Johnson";
				TargetAttributes = {
					0AF4645C225AE50B00DE34EA = {
						CreatedOnToolsVersion = 10.1;
						LastSwiftMigration = 1020;
					};
					0AF46470225AE50F00DE34EA = {
						CreatedOnToolsVersion = 10.1;
						LastSwiftMigration = 1020;
						TestTargetID = 0AF4645C225AE50B00DE34EA;
					};
				};
			};
			buildConfigurationList = 0AF46458225AE50B00DE34EA /* Build configuration list for PBXProject "Go" */;
			compatibilityVersion = "Xcode 9.3";
			developmentRegion = en;
			hasScannedForEncodings = 0;
			knownRegions = (
				en,
				Base,
			);
			mainGroup = 0AF46454225AE50B00DE34EA;
			productRefGroup = 0AF4645E225AE50B00DE34EA /* Products */;
			projectDirPath = "";
			projectRoot = "";
			targets = (
				0AF4645C225AE50B00DE34EA /* Go */,
				0AF46470225AE50F00DE34EA /* GoTests */,
				0AF1FB2C22F66A0F00BB2564 /* Go QA */,
			);
		};
/* End PBXProject section */

/* Begin PBXResourcesBuildPhase section */
		0AF1FB4A22F66A0F00BB2564 /* Resources */ = {
			isa = PBXResourcesBuildPhase;
			buildActionMask = 2147483647;
			files = (
				0AF1FB4B22F66A0F00BB2564 /* LaunchScreen.storyboard in Resources */,
				0AF1FB4C22F66A0F00BB2564 /* GoCell.xib in Resources */,
				523FBF4525E49FCB00D4EC83 /* README.md in Resources */,
				0AF1FB4E22F66A0F00BB2564 /* Assets.xcassets in Resources */,
				0AF1FB4F22F66A0F00BB2564 /* Main.storyboard in Resources */,
				52D73D0625E815190009E7F2 /* GoogleService-Info.plist in Resources */,
			);
			runOnlyForDeploymentPostprocessing = 0;
		};
		0AF4645B225AE50B00DE34EA /* Resources */ = {
			isa = PBXResourcesBuildPhase;
			buildActionMask = 2147483647;
			files = (
				523FBF4425E49FCB00D4EC83 /* README.md in Resources */,
				0AF4646B225AE50F00DE34EA /* LaunchScreen.storyboard in Resources */,
				0AF46486226A79B900DE34EA /* GoCell.xib in Resources */,
				0AEEB2B222F670220007604F /* GoogleService-Info.plist in Resources */,
				0AF46468225AE50F00DE34EA /* Assets.xcassets in Resources */,
				0AF46466225AE50B00DE34EA /* Main.storyboard in Resources */,
			);
			runOnlyForDeploymentPostprocessing = 0;
		};
		0AF4646F225AE50F00DE34EA /* Resources */ = {
			isa = PBXResourcesBuildPhase;
			buildActionMask = 2147483647;
			files = (
			);
			runOnlyForDeploymentPostprocessing = 0;
		};
/* End PBXResourcesBuildPhase section */

/* Begin PBXShellScriptBuildPhase section */
		0A634D1022ADF1F100FE10E0 /* ShellScript */ = {
			isa = PBXShellScriptBuildPhase;
			buildActionMask = 2147483647;
			files = (
			);
			inputFileListPaths = (
			);
			inputPaths = (
			);
			outputFileListPaths = (
			);
			outputPaths = (
			);
			runOnlyForDeploymentPostprocessing = 0;
			shellPath = /bin/sh;
			shellScript = "\"${PODS_ROOT}/SwiftLint/swiftlint\"\n";
		};
		0ADE1D8422D29537004EF76C /* ShellScript */ = {
			isa = PBXShellScriptBuildPhase;
			buildActionMask = 2147483647;
			files = (
			);
			inputFileListPaths = (
			);
			inputPaths = (
				"$(SRCROOT)/$(BUILT_PRODUCTS_DIR)/$(INFOPLIST_PATH)",
			);
			outputFileListPaths = (
			);
			outputPaths = (
			);
			runOnlyForDeploymentPostprocessing = 0;
			shellPath = /bin/sh;
			shellScript = "\"${PODS_ROOT}/Fabric/run\"\n";
		};
		0AF1FB2D22F66A0F00BB2564 /* [CP] Check Pods Manifest.lock */ = {
			isa = PBXShellScriptBuildPhase;
			buildActionMask = 2147483647;
			files = (
			);
			inputFileListPaths = (
			);
			inputPaths = (
				"${PODS_PODFILE_DIR_PATH}/Podfile.lock",
				"${PODS_ROOT}/Manifest.lock",
			);
			name = "[CP] Check Pods Manifest.lock";
			outputFileListPaths = (
			);
			outputPaths = (
				"$(DERIVED_FILE_DIR)/Pods-Go QA-checkManifestLockResult.txt",
			);
			runOnlyForDeploymentPostprocessing = 0;
			shellPath = /bin/sh;
			shellScript = "diff \"${PODS_PODFILE_DIR_PATH}/Podfile.lock\" \"${PODS_ROOT}/Manifest.lock\" > /dev/null\nif [ $? != 0 ] ; then\n    # print error to STDERR\n    echo \"error: The sandbox is not in sync with the Podfile.lock. Run 'pod install' or update your CocoaPods installation.\" >&2\n    exit 1\nfi\n# This output is used by Xcode 'outputs' to avoid re-running this script phase.\necho \"SUCCESS\" > \"${SCRIPT_OUTPUT_FILE_0}\"\n";
			showEnvVarsInLog = 0;
		};
		0AF1FB5122F66A0F00BB2564 /* ShellScript */ = {
			isa = PBXShellScriptBuildPhase;
			buildActionMask = 2147483647;
			files = (
			);
			inputFileListPaths = (
			);
			inputPaths = (
			);
			outputFileListPaths = (
			);
			outputPaths = (
			);
			runOnlyForDeploymentPostprocessing = 0;
			shellPath = /bin/sh;
			shellScript = "\"${PODS_ROOT}/SwiftLint/swiftlint\"\n";
		};
		19565C5DBCB1B68491C3E2A1 /* [CP] Check Pods Manifest.lock */ = {
			isa = PBXShellScriptBuildPhase;
			buildActionMask = 2147483647;
			files = (
			);
			inputFileListPaths = (
			);
			inputPaths = (
				"${PODS_PODFILE_DIR_PATH}/Podfile.lock",
				"${PODS_ROOT}/Manifest.lock",
			);
			name = "[CP] Check Pods Manifest.lock";
			outputFileListPaths = (
			);
			outputPaths = (
				"$(DERIVED_FILE_DIR)/Pods-Go-checkManifestLockResult.txt",
			);
			runOnlyForDeploymentPostprocessing = 0;
			shellPath = /bin/sh;
			shellScript = "diff \"${PODS_PODFILE_DIR_PATH}/Podfile.lock\" \"${PODS_ROOT}/Manifest.lock\" > /dev/null\nif [ $? != 0 ] ; then\n    # print error to STDERR\n    echo \"error: The sandbox is not in sync with the Podfile.lock. Run 'pod install' or update your CocoaPods installation.\" >&2\n    exit 1\nfi\n# This output is used by Xcode 'outputs' to avoid re-running this script phase.\necho \"SUCCESS\" > \"${SCRIPT_OUTPUT_FILE_0}\"\n";
			showEnvVarsInLog = 0;
		};
		1CE48CC20724092F2ABE0E87 /* [CP] Embed Pods Frameworks */ = {
			isa = PBXShellScriptBuildPhase;
			buildActionMask = 2147483647;
			files = (
			);
			inputFileListPaths = (
				"${PODS_ROOT}/Target Support Files/Pods-Go/Pods-Go-frameworks-${CONFIGURATION}-input-files.xcfilelist",
			);
			name = "[CP] Embed Pods Frameworks";
			outputFileListPaths = (
				"${PODS_ROOT}/Target Support Files/Pods-Go/Pods-Go-frameworks-${CONFIGURATION}-output-files.xcfilelist",
			);
			runOnlyForDeploymentPostprocessing = 0;
			shellPath = /bin/sh;
			shellScript = "\"${PODS_ROOT}/Target Support Files/Pods-Go/Pods-Go-frameworks.sh\"\n";
			showEnvVarsInLog = 0;
		};
		F2E4023CA06080AB00E8EC5F /* [CP] Check Pods Manifest.lock */ = {
			isa = PBXShellScriptBuildPhase;
			buildActionMask = 2147483647;
			files = (
			);
			inputFileListPaths = (
			);
			inputPaths = (
				"${PODS_PODFILE_DIR_PATH}/Podfile.lock",
				"${PODS_ROOT}/Manifest.lock",
			);
			name = "[CP] Check Pods Manifest.lock";
			outputFileListPaths = (
			);
			outputPaths = (
				"$(DERIVED_FILE_DIR)/Pods-GoTests-checkManifestLockResult.txt",
			);
			runOnlyForDeploymentPostprocessing = 0;
			shellPath = /bin/sh;
			shellScript = "diff \"${PODS_PODFILE_DIR_PATH}/Podfile.lock\" \"${PODS_ROOT}/Manifest.lock\" > /dev/null\nif [ $? != 0 ] ; then\n    # print error to STDERR\n    echo \"error: The sandbox is not in sync with the Podfile.lock. Run 'pod install' or update your CocoaPods installation.\" >&2\n    exit 1\nfi\n# This output is used by Xcode 'outputs' to avoid re-running this script phase.\necho \"SUCCESS\" > \"${SCRIPT_OUTPUT_FILE_0}\"\n";
			showEnvVarsInLog = 0;
		};
/* End PBXShellScriptBuildPhase section */

/* Begin PBXSourcesBuildPhase section */
		0AF1FB2E22F66A0F00BB2564 /* Sources */ = {
			isa = PBXSourcesBuildPhase;
			buildActionMask = 2147483647;
			files = (
				0A098550230B0AB800BA1881 /* UIAlertController+AddActions.swift in Sources */,
				0AF1FB2F22F66A0F00BB2564 /* GameBoardViewController.swift in Sources */,
				0AF1FB3022F66A0F00BB2564 /* UILabel+AnimateCallout.swift in Sources */,
				0AF1FB3122F66A0F00BB2564 /* Typealiases.swift in Sources */,
				0AF1FB3222F66A0F00BB2564 /* GoSurroundedTerritory.swift in Sources */,
				0A098553230B0D9D00BA1881 /* UIAlertAction+Defaults.swift in Sources */,
				0AF1FB3322F66A0F00BB2564 /* Styles.swift in Sources */,
				0AF1FB3422F66A0F00BB2564 /* GoEndGameResult.swift in Sources */,
				0AF1FB3522F66A0F00BB2564 /* UIColor+Hex.swift in Sources */,
				0AF1FB3622F66A0F00BB2564 /* GoPointState.swift in Sources */,
				0AF1FB3722F66A0F00BB2564 /* GoCellViewModel.swift in Sources */,
				0AF1FB3822F66A0F00BB2564 /* GoGroup.swift in Sources */,
				0AF1FB3922F66A0F00BB2564 /* Set+Contains.swift in Sources */,
				0AF1FB3A22F66A0F00BB2564 /* GoPoint.swift in Sources */,
				0AF1FB3C22F66A0F00BB2564 /* GoDelegate.swift in Sources */,
				0AF1FB3D22F66A0F00BB2564 /* Go.swift in Sources */,
				0AF1FB3E22F66A0F00BB2564 /* GoPlayer.swift in Sources */,
				0AF1FB3F22F66A0F00BB2564 /* AppDelegate.swift in Sources */,
				0AF1FB4022F66A0F00BB2564 /* Fonts.swift in Sources */,
				0AF1FB4122F66A0F00BB2564 /* UICollectionView+Generic.swift in Sources */,
				0AF1FB4222F66A0F00BB2564 /* GoCellViewModelFactory.swift in Sources */,
				523FBF9125E4A20C00D4EC83 /* GoCell.swift in Sources */,
				0AF1FB4322F66A0F00BB2564 /* GoPlayingError.swift in Sources */,
				0AF1FB4422F66A0F00BB2564 /* UIView+IBInspectable.swift in Sources */,
				0AF1FB4522F66A0F00BB2564 /* StoryboardIdentifiable.swift in Sources */,
				0AF1FB4622F66A0F00BB2564 /* GoBoard.swift in Sources */,
				0AF1FB4722F66A0F00BB2564 /* GoSaver.swift in Sources */,
			);
			runOnlyForDeploymentPostprocessing = 0;
		};
		0AF46459225AE50B00DE34EA /* Sources */ = {
			isa = PBXSourcesBuildPhase;
			buildActionMask = 2147483647;
			files = (
				0A09854F230B0AB800BA1881 /* UIAlertController+AddActions.swift in Sources */,
				0AF46463225AE50B00DE34EA /* GameBoardViewController.swift in Sources */,
				0A634D0D22A8A4EA00FE10E0 /* UILabel+AnimateCallout.swift in Sources */,
				0A70A5AA22DD651800F8BD34 /* Typealiases.swift in Sources */,
				0A88431322D57C9F00E5FF7B /* GoSurroundedTerritory.swift in Sources */,
				0A098552230B0D9D00BA1881 /* UIAlertAction+Defaults.swift in Sources */,
				0AF4648E226B922400DE34EA /* Styles.swift in Sources */,
				0A64ADEF22C5BC7D00989A9D /* GoEndGameResult.swift in Sources */,
				0A64ADED22C3152300989A9D /* UIColor+Hex.swift in Sources */,
				0A6E0E6C22B72A300074E0CA /* GoPointState.swift in Sources */,
				0A21BFBE226C144D004C54B9 /* GoCellViewModel.swift in Sources */,
				0A88431122D57C7B00E5FF7B /* GoGroup.swift in Sources */,
				0A88430B22D4444E00E5FF7B /* Set+Contains.swift in Sources */,
				0A634D1222ADF5C600FE10E0 /* GoPoint.swift in Sources */,
				0A70A5A822DD617400F8BD34 /* GoDelegate.swift in Sources */,
				0AF46481225AF04900DE34EA /* Go.swift in Sources */,
				0AF46490226C01E200DE34EA /* GoPlayer.swift in Sources */,
				0AF46461225AE50B00DE34EA /* AppDelegate.swift in Sources */,
				0AF46494226C05A600DE34EA /* Fonts.swift in Sources */,
				0AF4648C226B8FB900DE34EA /* UICollectionView+Generic.swift in Sources */,
				0A21BFC0226C1574004C54B9 /* GoCellViewModelFactory.swift in Sources */,
				523FBF9025E4A20B00D4EC83 /* GoCell.swift in Sources */,
				0A88431522D57CAE00E5FF7B /* GoPlayingError.swift in Sources */,
				0A21BFB9226C134C004C54B9 /* UIView+IBInspectable.swift in Sources */,
				0AF4648A226B8F9B00DE34EA /* StoryboardIdentifiable.swift in Sources */,
				0AF46492226C01F800DE34EA /* GoBoard.swift in Sources */,
				0A6E0E6A22B6C1490074E0CA /* GoSaver.swift in Sources */,
			);
			runOnlyForDeploymentPostprocessing = 0;
		};
		0AF4646D225AE50F00DE34EA /* Sources */ = {
			isa = PBXSourcesBuildPhase;
			buildActionMask = 2147483647;
			files = (
				0AF46476225AE50F00DE34EA /* GoTests.swift in Sources */,
			);
			runOnlyForDeploymentPostprocessing = 0;
		};
/* End PBXSourcesBuildPhase section */

/* Begin PBXTargetDependency section */
		0AF46473225AE50F00DE34EA /* PBXTargetDependency */ = {
			isa = PBXTargetDependency;
			target = 0AF4645C225AE50B00DE34EA /* Go */;
			targetProxy = 0AF46472225AE50F00DE34EA /* PBXContainerItemProxy */;
		};
		52BF4F9F24915D8600830217 /* PBXTargetDependency */ = {
			isa = PBXTargetDependency;
			target = 0AF1FB2C22F66A0F00BB2564 /* Go QA */;
			targetProxy = 52BF4F9E24915D8600830217 /* PBXContainerItemProxy */;
		};
/* End PBXTargetDependency section */

/* Begin PBXVariantGroup section */
		0AF46464225AE50B00DE34EA /* Main.storyboard */ = {
			isa = PBXVariantGroup;
			children = (
				0AF46465225AE50B00DE34EA /* Base */,
			);
			name = Main.storyboard;
			sourceTree = "<group>";
		};
		0AF46469225AE50F00DE34EA /* LaunchScreen.storyboard */ = {
			isa = PBXVariantGroup;
			children = (
				0AF4646A225AE50F00DE34EA /* Base */,
			);
			name = LaunchScreen.storyboard;
			sourceTree = "<group>";
		};
/* End PBXVariantGroup section */

/* Begin XCBuildConfiguration section */
		0AF1FB5422F66A0F00BB2564 /* Debug */ = {
			isa = XCBuildConfiguration;
			baseConfigurationReference = 4450D5E8595090DCDE49BACF /* Pods-Go QA.debug.xcconfig */;
			buildSettings = {
				ASSETCATALOG_COMPILER_APPICON_NAME = AppIcon;
				CODE_SIGN_STYLE = Automatic;
				DEVELOPMENT_TEAM = X6XFU66KA9;
				INFOPLIST_FILE = "$(SRCROOT)/Classes/Supporting Files/Go QA.plist";
				LD_RUNPATH_SEARCH_PATHS = (
					"$(inherited)",
					"@executable_path/Frameworks",
				);
				OTHER_CFLAGS = "";
				OTHER_SWIFT_FLAGS = "$(inherited) -D COCOAPODS -D QA";
				PRODUCT_BUNDLE_IDENTIFIER = com.ffr.go.qa;
				PRODUCT_NAME = "$(TARGET_NAME)";
				SWIFT_VERSION = 5.0;
				TARGETED_DEVICE_FAMILY = "1,2";
			};
			name = Debug;
		};
		0AF1FB5522F66A0F00BB2564 /* Release */ = {
			isa = XCBuildConfiguration;
			baseConfigurationReference = B8E9FDBB2F21AC8D94FC7F82 /* Pods-Go QA.release.xcconfig */;
			buildSettings = {
				ASSETCATALOG_COMPILER_APPICON_NAME = AppIcon;
				CODE_SIGN_STYLE = Automatic;
				DEVELOPMENT_TEAM = X6XFU66KA9;
				INFOPLIST_FILE = "$(SRCROOT)/Classes/Supporting Files/Go QA.plist";
				LD_RUNPATH_SEARCH_PATHS = (
					"$(inherited)",
					"@executable_path/Frameworks",
				);
				OTHER_CFLAGS = "";
				OTHER_SWIFT_FLAGS = "$(inherited) -D COCOAPODS -D QA";
				PRODUCT_BUNDLE_IDENTIFIER = com.ffr.go.qa;
				PRODUCT_NAME = "$(TARGET_NAME)";
				SWIFT_VERSION = 5.0;
				TARGETED_DEVICE_FAMILY = "1,2";
			};
			name = Release;
		};
		0AF46478225AE50F00DE34EA /* Debug */ = {
			isa = XCBuildConfiguration;
			buildSettings = {
				ALWAYS_SEARCH_USER_PATHS = NO;
				CLANG_ANALYZER_NONNULL = YES;
				CLANG_ANALYZER_NUMBER_OBJECT_CONVERSION = YES_AGGRESSIVE;
				CLANG_CXX_LANGUAGE_STANDARD = "gnu++14";
				CLANG_CXX_LIBRARY = "libc++";
				CLANG_ENABLE_MODULES = YES;
				CLANG_ENABLE_OBJC_ARC = YES;
				CLANG_ENABLE_OBJC_WEAK = YES;
				CLANG_WARN_BLOCK_CAPTURE_AUTORELEASING = YES;
				CLANG_WARN_BOOL_CONVERSION = YES;
				CLANG_WARN_COMMA = YES;
				CLANG_WARN_CONSTANT_CONVERSION = YES;
				CLANG_WARN_DEPRECATED_OBJC_IMPLEMENTATIONS = YES;
				CLANG_WARN_DIRECT_OBJC_ISA_USAGE = YES_ERROR;
				CLANG_WARN_DOCUMENTATION_COMMENTS = YES;
				CLANG_WARN_EMPTY_BODY = YES;
				CLANG_WARN_ENUM_CONVERSION = YES;
				CLANG_WARN_INFINITE_RECURSION = YES;
				CLANG_WARN_INT_CONVERSION = YES;
				CLANG_WARN_NON_LITERAL_NULL_CONVERSION = YES;
				CLANG_WARN_OBJC_IMPLICIT_RETAIN_SELF = YES;
				CLANG_WARN_OBJC_LITERAL_CONVERSION = YES;
				CLANG_WARN_OBJC_ROOT_CLASS = YES_ERROR;
				CLANG_WARN_QUOTED_INCLUDE_IN_FRAMEWORK_HEADER = YES;
				CLANG_WARN_RANGE_LOOP_ANALYSIS = YES;
				CLANG_WARN_STRICT_PROTOTYPES = YES;
				CLANG_WARN_SUSPICIOUS_MOVE = YES;
				CLANG_WARN_UNGUARDED_AVAILABILITY = YES_AGGRESSIVE;
				CLANG_WARN_UNREACHABLE_CODE = YES;
				CLANG_WARN__DUPLICATE_METHOD_MATCH = YES;
				CODE_SIGN_IDENTITY = "iPhone Developer";
				COPY_PHASE_STRIP = NO;
				DEBUG_INFORMATION_FORMAT = "dwarf-with-dsym";
				ENABLE_STRICT_OBJC_MSGSEND = YES;
				ENABLE_TESTABILITY = YES;
				GCC_C_LANGUAGE_STANDARD = gnu11;
				GCC_DYNAMIC_NO_PIC = NO;
				GCC_NO_COMMON_BLOCKS = YES;
				GCC_OPTIMIZATION_LEVEL = 0;
				GCC_PREPROCESSOR_DEFINITIONS = (
					"DEBUG=1",
					"$(inherited)",
				);
				GCC_WARN_64_TO_32_BIT_CONVERSION = YES;
				GCC_WARN_ABOUT_RETURN_TYPE = YES_ERROR;
				GCC_WARN_UNDECLARED_SELECTOR = YES;
				GCC_WARN_UNINITIALIZED_AUTOS = YES_AGGRESSIVE;
				GCC_WARN_UNUSED_FUNCTION = YES;
				GCC_WARN_UNUSED_VARIABLE = YES;
				IPHONEOS_DEPLOYMENT_TARGET = 13.1;
				MTL_ENABLE_DEBUG_INFO = INCLUDE_SOURCE;
				MTL_FAST_MATH = YES;
				ONLY_ACTIVE_ARCH = YES;
				SDKROOT = iphoneos;
				SWIFT_ACTIVE_COMPILATION_CONDITIONS = DEBUG;
				SWIFT_OPTIMIZATION_LEVEL = "-Onone";
			};
			name = Debug;
		};
		0AF46479225AE50F00DE34EA /* Release */ = {
			isa = XCBuildConfiguration;
			buildSettings = {
				ALWAYS_SEARCH_USER_PATHS = NO;
				CLANG_ANALYZER_NONNULL = YES;
				CLANG_ANALYZER_NUMBER_OBJECT_CONVERSION = YES_AGGRESSIVE;
				CLANG_CXX_LANGUAGE_STANDARD = "gnu++14";
				CLANG_CXX_LIBRARY = "libc++";
				CLANG_ENABLE_MODULES = YES;
				CLANG_ENABLE_OBJC_ARC = YES;
				CLANG_ENABLE_OBJC_WEAK = YES;
				CLANG_WARN_BLOCK_CAPTURE_AUTORELEASING = YES;
				CLANG_WARN_BOOL_CONVERSION = YES;
				CLANG_WARN_COMMA = YES;
				CLANG_WARN_CONSTANT_CONVERSION = YES;
				CLANG_WARN_DEPRECATED_OBJC_IMPLEMENTATIONS = YES;
				CLANG_WARN_DIRECT_OBJC_ISA_USAGE = YES_ERROR;
				CLANG_WARN_DOCUMENTATION_COMMENTS = YES;
				CLANG_WARN_EMPTY_BODY = YES;
				CLANG_WARN_ENUM_CONVERSION = YES;
				CLANG_WARN_INFINITE_RECURSION = YES;
				CLANG_WARN_INT_CONVERSION = YES;
				CLANG_WARN_NON_LITERAL_NULL_CONVERSION = YES;
				CLANG_WARN_OBJC_IMPLICIT_RETAIN_SELF = YES;
				CLANG_WARN_OBJC_LITERAL_CONVERSION = YES;
				CLANG_WARN_OBJC_ROOT_CLASS = YES_ERROR;
				CLANG_WARN_QUOTED_INCLUDE_IN_FRAMEWORK_HEADER = YES;
				CLANG_WARN_RANGE_LOOP_ANALYSIS = YES;
				CLANG_WARN_STRICT_PROTOTYPES = YES;
				CLANG_WARN_SUSPICIOUS_MOVE = YES;
				CLANG_WARN_UNGUARDED_AVAILABILITY = YES_AGGRESSIVE;
				CLANG_WARN_UNREACHABLE_CODE = YES;
				CLANG_WARN__DUPLICATE_METHOD_MATCH = YES;
				CODE_SIGN_IDENTITY = "iPhone Developer";
				COPY_PHASE_STRIP = NO;
				DEBUG_INFORMATION_FORMAT = "dwarf-with-dsym";
				ENABLE_NS_ASSERTIONS = NO;
				ENABLE_STRICT_OBJC_MSGSEND = YES;
				GCC_C_LANGUAGE_STANDARD = gnu11;
				GCC_NO_COMMON_BLOCKS = YES;
				GCC_WARN_64_TO_32_BIT_CONVERSION = YES;
				GCC_WARN_ABOUT_RETURN_TYPE = YES_ERROR;
				GCC_WARN_UNDECLARED_SELECTOR = YES;
				GCC_WARN_UNINITIALIZED_AUTOS = YES_AGGRESSIVE;
				GCC_WARN_UNUSED_FUNCTION = YES;
				GCC_WARN_UNUSED_VARIABLE = YES;
				IPHONEOS_DEPLOYMENT_TARGET = 13.1;
				MTL_ENABLE_DEBUG_INFO = NO;
				MTL_FAST_MATH = YES;
				SDKROOT = iphoneos;
				SWIFT_COMPILATION_MODE = wholemodule;
				SWIFT_OPTIMIZATION_LEVEL = "-O";
				VALIDATE_PRODUCT = YES;
			};
			name = Release;
		};
		0AF4647B225AE50F00DE34EA /* Debug */ = {
			isa = XCBuildConfiguration;
			baseConfigurationReference = E0532517DA81D613E31D698E /* Pods-Go.debug.xcconfig */;
			buildSettings = {
				ASSETCATALOG_COMPILER_APPICON_NAME = AppIcon;
				CODE_SIGN_STYLE = Automatic;
				DEVELOPMENT_TEAM = X6XFU66KA9;
				INFOPLIST_FILE = "$(SRCROOT)/Classes/Supporting Files/Info.plist";
				LD_RUNPATH_SEARCH_PATHS = (
					"$(inherited)",
					"@executable_path/Frameworks",
				);
				OTHER_SWIFT_FLAGS = "$(inherited) -D COCOAPODS -D PRODUCTION";
				PRODUCT_BUNDLE_IDENTIFIER = com.ffr.go;
				PRODUCT_NAME = "$(TARGET_NAME)";
				SWIFT_VERSION = 5.0;
				TARGETED_DEVICE_FAMILY = "1,2";
			};
			name = Debug;
		};
		0AF4647C225AE50F00DE34EA /* Release */ = {
			isa = XCBuildConfiguration;
			baseConfigurationReference = BEB4F4D149F44093FA1AB870 /* Pods-Go.release.xcconfig */;
			buildSettings = {
				ASSETCATALOG_COMPILER_APPICON_NAME = AppIcon;
				CODE_SIGN_STYLE = Automatic;
				DEVELOPMENT_TEAM = X6XFU66KA9;
				INFOPLIST_FILE = "$(SRCROOT)/Classes/Supporting Files/Info.plist";
				LD_RUNPATH_SEARCH_PATHS = (
					"$(inherited)",
					"@executable_path/Frameworks",
				);
				OTHER_SWIFT_FLAGS = "$(inherited) -D COCOAPODS -D PRODUCTION";
				PRODUCT_BUNDLE_IDENTIFIER = com.ffr.go;
				PRODUCT_NAME = "$(TARGET_NAME)";
				SWIFT_VERSION = 5.0;
				TARGETED_DEVICE_FAMILY = "1,2";
			};
			name = Release;
		};
		0AF4647E225AE50F00DE34EA /* Debug */ = {
			isa = XCBuildConfiguration;
			baseConfigurationReference = 6ECD90480DC9A92BF6D39F44 /* Pods-GoTests.debug.xcconfig */;
			buildSettings = {
				ALWAYS_EMBED_SWIFT_STANDARD_LIBRARIES = YES;
				BUNDLE_LOADER = "$(TEST_HOST)";
				CODE_SIGN_STYLE = Automatic;
				DEVELOPMENT_TEAM = X6XFU66KA9;
				INFOPLIST_FILE = GoTests/Info.plist;
				LD_RUNPATH_SEARCH_PATHS = (
					"$(inherited)",
					"@executable_path/Frameworks",
					"@loader_path/Frameworks",
				);
				PRODUCT_BUNDLE_IDENTIFIER = "Kevin-Johnson.GoTests";
				PRODUCT_NAME = "$(TARGET_NAME)";
				SWIFT_VERSION = 5.0;
				TARGETED_DEVICE_FAMILY = "1,2";
				TEST_HOST = "$(BUILT_PRODUCTS_DIR)/Go.app/Go";
			};
			name = Debug;
		};
		0AF4647F225AE50F00DE34EA /* Release */ = {
			isa = XCBuildConfiguration;
			baseConfigurationReference = CB7E18E2AF8A0A48EBD62B91 /* Pods-GoTests.release.xcconfig */;
			buildSettings = {
				ALWAYS_EMBED_SWIFT_STANDARD_LIBRARIES = YES;
				BUNDLE_LOADER = "$(TEST_HOST)";
				CODE_SIGN_STYLE = Automatic;
				DEVELOPMENT_TEAM = X6XFU66KA9;
				INFOPLIST_FILE = GoTests/Info.plist;
				LD_RUNPATH_SEARCH_PATHS = (
					"$(inherited)",
					"@executable_path/Frameworks",
					"@loader_path/Frameworks",
				);
				PRODUCT_BUNDLE_IDENTIFIER = "Kevin-Johnson.GoTests";
				PRODUCT_NAME = "$(TARGET_NAME)";
				SWIFT_VERSION = 5.0;
				TARGETED_DEVICE_FAMILY = "1,2";
				TEST_HOST = "$(BUILT_PRODUCTS_DIR)/Go.app/Go";
			};
			name = Release;
		};
/* End XCBuildConfiguration section */

/* Begin XCConfigurationList section */
		0AF1FB5322F66A0F00BB2564 /* Build configuration list for PBXNativeTarget "Go QA" */ = {
			isa = XCConfigurationList;
			buildConfigurations = (
				0AF1FB5422F66A0F00BB2564 /* Debug */,
				0AF1FB5522F66A0F00BB2564 /* Release */,
			);
			defaultConfigurationIsVisible = 0;
			defaultConfigurationName = Release;
		};
		0AF46458225AE50B00DE34EA /* Build configuration list for PBXProject "Go" */ = {
			isa = XCConfigurationList;
			buildConfigurations = (
				0AF46478225AE50F00DE34EA /* Debug */,
				0AF46479225AE50F00DE34EA /* Release */,
			);
			defaultConfigurationIsVisible = 0;
			defaultConfigurationName = Release;
		};
		0AF4647A225AE50F00DE34EA /* Build configuration list for PBXNativeTarget "Go" */ = {
			isa = XCConfigurationList;
			buildConfigurations = (
				0AF4647B225AE50F00DE34EA /* Debug */,
				0AF4647C225AE50F00DE34EA /* Release */,
			);
			defaultConfigurationIsVisible = 0;
			defaultConfigurationName = Release;
		};
		0AF4647D225AE50F00DE34EA /* Build configuration list for PBXNativeTarget "GoTests" */ = {
			isa = XCConfigurationList;
			buildConfigurations = (
				0AF4647E225AE50F00DE34EA /* Debug */,
				0AF4647F225AE50F00DE34EA /* Release */,
			);
			defaultConfigurationIsVisible = 0;
			defaultConfigurationName = Release;
		};
/* End XCConfigurationList section */
	};
	rootObject = 0AF46455225AE50B00DE34EA /* Project object */;
}
